
Microsoft Visual Studio Solution File, Format Version 12.00
# Visual Studio Version 16
VisualStudioVersion = 16.0.32802.440
MinimumVisualStudioVersion = 10.0.40219.1
Project("{F184B08F-C81C-45F6-A57F-5ABD9991F28F}") = "PruebaBanco", "Prueba\PruebaBanco.vbproj", "{DBE978A9-40A5-4219-8898-CA8719B9C34D}"
EndProject
Global
	GlobalSection(SolutionConfigurationPlatforms) = preSolution
		Debug|Any CPU = Debug|Any CPU
		Release|Any CPU = Release|Any CPU
	EndGlobalSection
	GlobalSection(ProjectConfigurationPlatforms) = postSolution
		{DBE978A9-40A5-4219-8898-CA8719B9C34D}.Debug|Any CPU.ActiveCfg = Debug|Any CPU
		{DBE978A9-40A5-4219-8898-CA8719B9C34D}.Debug|Any CPU.Build.0 = Debug|Any CPU
		{DBE978A9-40A5-4219-8898-CA8719B9C34D}.Release|Any CPU.ActiveCfg = Release|Any CPU
		{DBE978A9-40A5-4219-8898-CA8719B9C34D}.Release|Any CPU.Build.0 = Release|Any CPU
	EndGlobalSection
	GlobalSection(SolutionProperties) = preSolution
		HideSolutionNode = FALSE
	EndGlobalSection
	GlobalSection(ExtensibilityGlobals) = postSolution
		SolutionGuid = {D952BAAA-2CCF-4569-98F2-0531AC3E798D}
	EndGlobalSection
EndGlobal
